// !$*UTF8*$!
{
	archiveVersion = 1;
	classes = {
	};
	objectVersion = 56;
	objects = {

/* Begin PBXBuildFile section */
		A50F114128C0C91E00A75C6F /* MeetingHeaderView.swift in Sources */ = {isa = PBXBuildFile; fileRef = A50F114028C0C91E00A75C6F /* MeetingHeaderView.swift */; };
		A50F114328C0CE3D00A75C6F /* ScrumProgressViewStyle.swift in Sources */ = {isa = PBXBuildFile; fileRef = A50F114228C0CE3D00A75C6F /* ScrumProgressViewStyle.swift */; };
		A5AA796928BE7D4500BF2D34 /* DetailEditView.swift in Sources */ = {isa = PBXBuildFile; fileRef = A5AA796828BE7D4500BF2D34 /* DetailEditView.swift */; };
		A5CAF35C28B8DE510058538F /* ScrumdinnerApp.swift in Sources */ = {isa = PBXBuildFile; fileRef = A5CAF35B28B8DE510058538F /* ScrumdinnerApp.swift */; };
		A5CAF35E28B8DE510058538F /* MeetingView.swift in Sources */ = {isa = PBXBuildFile; fileRef = A5CAF35D28B8DE510058538F /* MeetingView.swift */; };
		A5CAF36028B8DE520058538F /* Assets.xcassets in Resources */ = {isa = PBXBuildFile; fileRef = A5CAF35F28B8DE520058538F /* Assets.xcassets */; };
		A5CAF36328B8DE520058538F /* Preview Assets.xcassets in Resources */ = {isa = PBXBuildFile; fileRef = A5CAF36228B8DE520058538F /* Preview Assets.xcassets */; };
		A5CAF36A28B900830058538F /* Theme.swift in Sources */ = {isa = PBXBuildFile; fileRef = A5CAF36928B900830058538F /* Theme.swift */; };
		A5CAF36D28B909C10058538F /* DailyScrum.swift in Sources */ = {isa = PBXBuildFile; fileRef = A5CAF36C28B909C10058538F /* DailyScrum.swift */; };
		A5CAF36F28B90D700058538F /* CardView.swift in Sources */ = {isa = PBXBuildFile; fileRef = A5CAF36E28B90D700058538F /* CardView.swift */; };
		A5CAF37128B91DE50058538F /* TrailingIconLabelStyle.swift in Sources */ = {isa = PBXBuildFile; fileRef = A5CAF37028B91DE50058538F /* TrailingIconLabelStyle.swift */; };
		A5CB4F9E28BD2D6F0083F76F /* ScrumsView.swift in Sources */ = {isa = PBXBuildFile; fileRef = A5CB4F9D28BD2D6F0083F76F /* ScrumsView.swift */; };
		A5CB4FA028BD3CA30083F76F /* DetailView.swift in Sources */ = {isa = PBXBuildFile; fileRef = A5CB4F9F28BD3CA30083F76F /* DetailView.swift */; };
		A5D90BB228BF960D0069FD35 /* ThemeView.swift in Sources */ = {isa = PBXBuildFile; fileRef = A5D90BB128BF960C0069FD35 /* ThemeView.swift */; };
		A5D90BB428BF98A20069FD35 /* ThemePicker.swift in Sources */ = {isa = PBXBuildFile; fileRef = A5D90BB328BF98A20069FD35 /* ThemePicker.swift */; };
/* End PBXBuildFile section */

/* Begin PBXFileReference section */
		A50F114028C0C91E00A75C6F /* MeetingHeaderView.swift */ = {isa = PBXFileReference; lastKnownFileType = sourcecode.swift; path = MeetingHeaderView.swift; sourceTree = "<group>"; };
		A50F114228C0CE3D00A75C6F /* ScrumProgressViewStyle.swift */ = {isa = PBXFileReference; lastKnownFileType = sourcecode.swift; path = ScrumProgressViewStyle.swift; sourceTree = "<group>"; };
		A5AA796828BE7D4500BF2D34 /* DetailEditView.swift */ = {isa = PBXFileReference; lastKnownFileType = sourcecode.swift; path = DetailEditView.swift; sourceTree = "<group>"; };
		A5CAF35828B8DE510058538F /* Scrumdinner.app */ = {isa = PBXFileReference; explicitFileType = wrapper.application; includeInIndex = 0; path = Scrumdinner.app; sourceTree = BUILT_PRODUCTS_DIR; };
		A5CAF35B28B8DE510058538F /* ScrumdinnerApp.swift */ = {isa = PBXFileReference; lastKnownFileType = sourcecode.swift; path = ScrumdinnerApp.swift; sourceTree = "<group>"; };
		A5CAF35D28B8DE510058538F /* MeetingView.swift */ = {isa = PBXFileReference; lastKnownFileType = sourcecode.swift; path = MeetingView.swift; sourceTree = "<group>"; };
		A5CAF35F28B8DE520058538F /* Assets.xcassets */ = {isa = PBXFileReference; lastKnownFileType = folder.assetcatalog; path = Assets.xcassets; sourceTree = "<group>"; };
		A5CAF36228B8DE520058538F /* Preview Assets.xcassets */ = {isa = PBXFileReference; lastKnownFileType = folder.assetcatalog; path = "Preview Assets.xcassets"; sourceTree = "<group>"; };
		A5CAF36928B900830058538F /* Theme.swift */ = {isa = PBXFileReference; lastKnownFileType = sourcecode.swift; path = Theme.swift; sourceTree = "<group>"; };
		A5CAF36C28B909C10058538F /* DailyScrum.swift */ = {isa = PBXFileReference; lastKnownFileType = sourcecode.swift; path = DailyScrum.swift; sourceTree = "<group>"; };
		A5CAF36E28B90D700058538F /* CardView.swift */ = {isa = PBXFileReference; lastKnownFileType = sourcecode.swift; path = CardView.swift; sourceTree = "<group>"; };
		A5CAF37028B91DE50058538F /* TrailingIconLabelStyle.swift */ = {isa = PBXFileReference; lastKnownFileType = sourcecode.swift; path = TrailingIconLabelStyle.swift; sourceTree = "<group>"; };
		A5CB4F9D28BD2D6F0083F76F /* ScrumsView.swift */ = {isa = PBXFileReference; lastKnownFileType = sourcecode.swift; path = ScrumsView.swift; sourceTree = "<group>"; };
		A5CB4F9F28BD3CA30083F76F /* DetailView.swift */ = {isa = PBXFileReference; lastKnownFileType = sourcecode.swift; path = DetailView.swift; sourceTree = "<group>"; };
		A5D90BB128BF960C0069FD35 /* ThemeView.swift */ = {isa = PBXFileReference; lastKnownFileType = sourcecode.swift; path = ThemeView.swift; sourceTree = "<group>"; };
		A5D90BB328BF98A20069FD35 /* ThemePicker.swift */ = {isa = PBXFileReference; lastKnownFileType = sourcecode.swift; path = ThemePicker.swift; sourceTree = "<group>"; };
/* End PBXFileReference section */

/* Begin PBXFrameworksBuildPhase section */
		A5CAF35528B8DE510058538F /* Frameworks */ = {
			isa = PBXFrameworksBuildPhase;
			buildActionMask = 2147483647;
			files = (
			);
			runOnlyForDeploymentPostprocessing = 0;
		};
/* End PBXFrameworksBuildPhase section */

/* Begin PBXGroup section */
		A5CAF34F28B8DE510058538F = {
			isa = PBXGroup;
			children = (
				A5CAF35A28B8DE510058538F /* Scrumdinner */,
				A5CAF35928B8DE510058538F /* Products */,
			);
			sourceTree = "<group>";
		};
		A5CAF35928B8DE510058538F /* Products */ = {
			isa = PBXGroup;
			children = (
				A5CAF35828B8DE510058538F /* Scrumdinner.app */,
			);
			name = Products;
			sourceTree = "<group>";
		};
		A5CAF35A28B8DE510058538F /* Scrumdinner */ = {
			isa = PBXGroup;
			children = (
				A5CAF35B28B8DE510058538F /* ScrumdinnerApp.swift */,
				A5CAF35D28B8DE510058538F /* MeetingView.swift */,
				A50F114028C0C91E00A75C6F /* MeetingHeaderView.swift */,
				A50F114228C0CE3D00A75C6F /* ScrumProgressViewStyle.swift */,
				A5CB4F9D28BD2D6F0083F76F /* ScrumsView.swift */,
				A5CAF36E28B90D700058538F /* CardView.swift */,
				A5CB4F9F28BD3CA30083F76F /* DetailView.swift */,
				A5AA796828BE7D4500BF2D34 /* DetailEditView.swift */,
				A5D90BB128BF960C0069FD35 /* ThemeView.swift */,
				A5D90BB328BF98A20069FD35 /* ThemePicker.swift */,
				A5CAF36B28B909AF0058538F /* Model */,
				A5CAF37028B91DE50058538F /* TrailingIconLabelStyle.swift */,
				A5CAF35F28B8DE520058538F /* Assets.xcassets */,
				A5CAF36128B8DE520058538F /* Preview Content */,
			);
			path = Scrumdinner;
			sourceTree = "<group>";
		};
		A5CAF36128B8DE520058538F /* Preview Content */ = {
			isa = PBXGroup;
			children = (
				A5CAF36228B8DE520058538F /* Preview Assets.xcassets */,
			);
			path = "Preview Content";
			sourceTree = "<group>";
		};
		A5CAF36B28B909AF0058538F /* Model */ = {
			isa = PBXGroup;
			children = (
				A5CAF36928B900830058538F /* Theme.swift */,
				A5CAF36C28B909C10058538F /* DailyScrum.swift */,
			);
			path = Model;
			sourceTree = "<group>";
		};
/* End PBXGroup section */

/* Begin PBXNativeTarget section */
		A5CAF35728B8DE510058538F /* Scrumdinner */ = {
			isa = PBXNativeTarget;
			buildConfigurationList = A5CAF36628B8DE520058538F /* Build configuration list for PBXNativeTarget "Scrumdinner" */;
			buildPhases = (
				A5CAF35428B8DE510058538F /* Sources */,
				A5CAF35528B8DE510058538F /* Frameworks */,
				A5CAF35628B8DE510058538F /* Resources */,
			);
			buildRules = (
			);
			dependencies = (
			);
			name = Scrumdinner;
			productName = Scrumdinner;
			productReference = A5CAF35828B8DE510058538F /* Scrumdinner.app */;
			productType = "com.apple.product-type.application";
		};
/* End PBXNativeTarget section */

/* Begin PBXProject section */
		A5CAF35028B8DE510058538F /* Project object */ = {
			isa = PBXProject;
			attributes = {
				BuildIndependentTargetsInParallel = 1;
				LastSwiftUpdateCheck = 1400;
				LastUpgradeCheck = 1400;
				TargetAttributes = {
					A5CAF35728B8DE510058538F = {
						CreatedOnToolsVersion = 14.0;
					};
				};
			};
			buildConfigurationList = A5CAF35328B8DE510058538F /* Build configuration list for PBXProject "Scrumdinner" */;
			compatibilityVersion = "Xcode 14.0";
			developmentRegion = en;
			hasScannedForEncodings = 0;
			knownRegions = (
				en,
				Base,
			);
			mainGroup = A5CAF34F28B8DE510058538F;
			productRefGroup = A5CAF35928B8DE510058538F /* Products */;
			projectDirPath = "";
			projectRoot = "";
			targets = (
				A5CAF35728B8DE510058538F /* Scrumdinner */,
			);
		};
/* End PBXProject section */

/* Begin PBXResourcesBuildPhase section */
		A5CAF35628B8DE510058538F /* Resources */ = {
			isa = PBXResourcesBuildPhase;
			buildActionMask = 2147483647;
			files = (
				A5CAF36328B8DE520058538F /* Preview Assets.xcassets in Resources */,
				A5CAF36028B8DE520058538F /* Assets.xcassets in Resources */,
			);
			runOnlyForDeploymentPostprocessing = 0;
		};
/* End PBXResourcesBuildPhase section */

/* Begin PBXSourcesBuildPhase section */
		A5CAF35428B8DE510058538F /* Sources */ = {
			isa = PBXSourcesBuildPhase;
			buildActionMask = 2147483647;
			files = (
				A5D90BB428BF98A20069FD35 /* ThemePicker.swift in Sources */,
				A50F114328C0CE3D00A75C6F /* ScrumProgressViewStyle.swift in Sources */,
				A5CAF36D28B909C10058538F /* DailyScrum.swift in Sources */,
				A5CB4FA028BD3CA30083F76F /* DetailView.swift in Sources */,
				A50F114128C0C91E00A75C6F /* MeetingHeaderView.swift in Sources */,
				A5AA796928BE7D4500BF2D34 /* DetailEditView.swift in Sources */,
				A5CAF37128B91DE50058538F /* TrailingIconLabelStyle.swift in Sources */,
				A5CAF36A28B900830058538F /* Theme.swift in Sources */,
				A5CB4F9E28BD2D6F0083F76F /* ScrumsView.swift in Sources */,
				A5CAF35E28B8DE510058538F /* MeetingView.swift in Sources */,
				A5CAF35C28B8DE510058538F /* ScrumdinnerApp.swift in Sources */,
				A5D90BB228BF960D0069FD35 /* ThemeView.swift in Sources */,
				A5CAF36F28B90D700058538F /* CardView.swift in Sources */,
			);
			runOnlyForDeploymentPostprocessing = 0;
		};
/* End PBXSourcesBuildPhase section */

/* Begin XCBuildConfiguration section */
		A5CAF36428B8DE520058538F /* Debug */ = {
			isa = XCBuildConfiguration;
			buildSettings = {
				ALWAYS_SEARCH_USER_PATHS = NO;
				CLANG_ANALYZER_NONNULL = YES;
				CLANG_ANALYZER_NUMBER_OBJECT_CONVERSION = YES_AGGRESSIVE;
				CLANG_CXX_LANGUAGE_STANDARD = "gnu++20";
				CLANG_ENABLE_MODULES = YES;
				CLANG_ENABLE_OBJC_ARC = YES;
				CLANG_ENABLE_OBJC_WEAK = YES;
				CLANG_WARN_BLOCK_CAPTURE_AUTORELEASING = YES;
				CLANG_WARN_BOOL_CONVERSION = YES;
				CLANG_WARN_COMMA = YES;
				CLANG_WARN_CONSTANT_CONVERSION = YES;
				CLANG_WARN_DEPRECATED_OBJC_IMPLEMENTATIONS = YES;
				CLANG_WARN_DIRECT_OBJC_ISA_USAGE = YES_ERROR;
				CLANG_WARN_DOCUMENTATION_COMMENTS = YES;
				CLANG_WARN_EMPTY_BODY = YES;
				CLANG_WARN_ENUM_CONVERSION = YES;
				CLANG_WARN_INFINITE_RECURSION = YES;
				CLANG_WARN_INT_CONVERSION = YES;
				CLANG_WARN_NON_LITERAL_NULL_CONVERSION = YES;
				CLANG_WARN_OBJC_IMPLICIT_RETAIN_SELF = YES;
				CLANG_WARN_OBJC_LITERAL_CONVERSION = YES;
				CLANG_WARN_OBJC_ROOT_CLASS = YES_ERROR;
				CLANG_WARN_QUOTED_INCLUDE_IN_FRAMEWORK_HEADER = YES;
				CLANG_WARN_RANGE_LOOP_ANALYSIS = YES;
				CLANG_WARN_STRICT_PROTOTYPES = YES;
				CLANG_WARN_SUSPICIOUS_MOVE = YES;
				CLANG_WARN_UNGUARDED_AVAILABILITY = YES_AGGRESSIVE;
				CLANG_WARN_UNREACHABLE_CODE = YES;
				CLANG_WARN__DUPLICATE_METHOD_MATCH = YES;
				COPY_PHASE_STRIP = NO;
				DEBUG_INFORMATION_FORMAT = dwarf;
				ENABLE_STRICT_OBJC_MSGSEND = YES;
				ENABLE_TESTABILITY = YES;
				GCC_C_LANGUAGE_STANDARD = gnu11;
				GCC_DYNAMIC_NO_PIC = NO;
				GCC_NO_COMMON_BLOCKS = YES;
				GCC_OPTIMIZATION_LEVEL = 0;
				GCC_PREPROCESSOR_DEFINITIONS = (
					"DEBUG=1",
					"$(inherited)",
				);
				GCC_WARN_64_TO_32_BIT_CONVERSION = YES;
				GCC_WARN_ABOUT_RETURN_TYPE = YES_ERROR;
				GCC_WARN_UNDECLARED_SELECTOR = YES;
				GCC_WARN_UNINITIALIZED_AUTOS = YES_AGGRESSIVE;
				GCC_WARN_UNUSED_FUNCTION = YES;
				GCC_WARN_UNUSED_VARIABLE = YES;
				IPHONEOS_DEPLOYMENT_TARGET = 16.0;
				MTL_ENABLE_DEBUG_INFO = INCLUDE_SOURCE;
				MTL_FAST_MATH = YES;
				ONLY_ACTIVE_ARCH = YES;
				SDKROOT = iphoneos;
				SWIFT_ACTIVE_COMPILATION_CONDITIONS = DEBUG;
				SWIFT_OPTIMIZATION_LEVEL = "-Onone";
			};
			name = Debug;
		};
		A5CAF36528B8DE520058538F /* Release */ = {
			isa = XCBuildConfiguration;
			buildSettings = {
				ALWAYS_SEARCH_USER_PATHS = NO;
				CLANG_ANALYZER_NONNULL = YES;
				CLANG_ANALYZER_NUMBER_OBJECT_CONVERSION = YES_AGGRESSIVE;
				CLANG_CXX_LANGUAGE_STANDARD = "gnu++20";
				CLANG_ENABLE_MODULES = YES;
				CLANG_ENABLE_OBJC_ARC = YES;
				CLANG_ENABLE_OBJC_WEAK = YES;
				CLANG_WARN_BLOCK_CAPTURE_AUTORELEASING = YES;
				CLANG_WARN_BOOL_CONVERSION = YES;
				CLANG_WARN_COMMA = YES;
				CLANG_WARN_CONSTANT_CONVERSION = YES;
				CLANG_WARN_DEPRECATED_OBJC_IMPLEMENTATIONS = YES;
				CLANG_WARN_DIRECT_OBJC_ISA_USAGE = YES_ERROR;
				CLANG_WARN_DOCUMENTATION_COMMENTS = YES;
				CLANG_WARN_EMPTY_BODY = YES;
				CLANG_WARN_ENUM_CONVERSION = YES;
				CLANG_WARN_INFINITE_RECURSION = YES;
				CLANG_WARN_INT_CONVERSION = YES;
				CLANG_WARN_NON_LITERAL_NULL_CONVERSION = YES;
				CLANG_WARN_OBJC_IMPLICIT_RETAIN_SELF = YES;
				CLANG_WARN_OBJC_LITERAL_CONVERSION = YES;
				CLANG_WARN_OBJC_ROOT_CLASS = YES_ERROR;
				CLANG_WARN_QUOTED_INCLUDE_IN_FRAMEWORK_HEADER = YES;
				CLANG_WARN_RANGE_LOOP_ANALYSIS = YES;
				CLANG_WARN_STRICT_PROTOTYPES = YES;
				CLANG_WARN_SUSPICIOUS_MOVE = YES;
				CLANG_WARN_UNGUARDED_AVAILABILITY = YES_AGGRESSIVE;
				CLANG_WARN_UNREACHABLE_CODE = YES;
				CLANG_WARN__DUPLICATE_METHOD_MATCH = YES;
				COPY_PHASE_STRIP = NO;
				DEBUG_INFORMATION_FORMAT = "dwarf-with-dsym";
				ENABLE_NS_ASSERTIONS = NO;
				ENABLE_STRICT_OBJC_MSGSEND = YES;
				GCC_C_LANGUAGE_STANDARD = gnu11;
				GCC_NO_COMMON_BLOCKS = YES;
				GCC_WARN_64_TO_32_BIT_CONVERSION = YES;
				GCC_WARN_ABOUT_RETURN_TYPE = YES_ERROR;
				GCC_WARN_UNDECLARED_SELECTOR = YES;
				GCC_WARN_UNINITIALIZED_AUTOS = YES_AGGRESSIVE;
				GCC_WARN_UNUSED_FUNCTION = YES;
				GCC_WARN_UNUSED_VARIABLE = YES;
				IPHONEOS_DEPLOYMENT_TARGET = 16.0;
				MTL_ENABLE_DEBUG_INFO = NO;
				MTL_FAST_MATH = YES;
				SDKROOT = iphoneos;
				SWIFT_COMPILATION_MODE = wholemodule;
				SWIFT_OPTIMIZATION_LEVEL = "-O";
				VALIDATE_PRODUCT = YES;
			};
			name = Release;
		};
		A5CAF36728B8DE520058538F /* Debug */ = {
			isa = XCBuildConfiguration;
			buildSettings = {
				ASSETCATALOG_COMPILER_APPICON_NAME = AppIcon;
				ASSETCATALOG_COMPILER_GLOBAL_ACCENT_COLOR_NAME = AccentColor;
				CODE_SIGN_STYLE = Automatic;
				CURRENT_PROJECT_VERSION = 1;
				DEVELOPMENT_ASSET_PATHS = "\"Scrumdinner/Preview Content\"";
				DEVELOPMENT_TEAM = TAYYL936C4;
				ENABLE_PREVIEWS = YES;
				GENERATE_INFOPLIST_FILE = YES;
				INFOPLIST_KEY_UIApplicationSceneManifest_Generation = YES;
				INFOPLIST_KEY_UIApplicationSupportsIndirectInputEvents = YES;
				INFOPLIST_KEY_UILaunchScreen_Generation = YES;
				INFOPLIST_KEY_UISupportedInterfaceOrientations_iPad = "UIInterfaceOrientationPortrait UIInterfaceOrientationPortraitUpsideDown UIInterfaceOrientationLandscapeLeft UIInterfaceOrientationLandscapeRight";
				INFOPLIST_KEY_UISupportedInterfaceOrientations_iPhone = "UIInterfaceOrientationPortrait UIInterfaceOrientationLandscapeLeft UIInterfaceOrientationLandscapeRight";
				LD_RUNPATH_SEARCH_PATHS = (
					"$(inherited)",
					"@executable_path/Frameworks",
				);
				MARKETING_VERSION = 1.0;
				PRODUCT_BUNDLE_IDENTIFIER = mk812yPetApp.Scrumdinner;
				PRODUCT_NAME = "$(TARGET_NAME)";
				SWIFT_EMIT_LOC_STRINGS = YES;
				SWIFT_VERSION = 5.0;
				TARGETED_DEVICE_FAMILY = "1,2";
			};
			name = Debug;
		};
		A5CAF36828B8DE520058538F /* Release */ = {
			isa = XCBuildConfiguration;
			buildSettings = {
				ASSETCATALOG_COMPILER_APPICON_NAME = AppIcon;
				ASSETCATALOG_COMPILER_GLOBAL_ACCENT_COLOR_NAME = AccentColor;
				CODE_SIGN_STYLE = Automatic;
				CURRENT_PROJECT_VERSION = 1;
				DEVELOPMENT_ASSET_PATHS = "\"Scrumdinner/Preview Content\"";
				DEVELOPMENT_TEAM = TAYYL936C4;
				ENABLE_PREVIEWS = YES;
				GENERATE_INFOPLIST_FILE = YES;
				INFOPLIST_KEY_UIApplicationSceneManifest_Generation = YES;
				INFOPLIST_KEY_UIApplicationSupportsIndirectInputEvents = YES;
				INFOPLIST_KEY_UILaunchScreen_Generation = YES;
				INFOPLIST_KEY_UISupportedInterfaceOrientations_iPad = "UIInterfaceOrientationPortrait UIInterfaceOrientationPortraitUpsideDown UIInterfaceOrientationLandscapeLeft UIInterfaceOrientationLandscapeRight";
				INFOPLIST_KEY_UISupportedInterfaceOrientations_iPhone = "UIInterfaceOrientationPortrait UIInterfaceOrientationLandscapeLeft UIInterfaceOrientationLandscapeRight";
				LD_RUNPATH_SEARCH_PATHS = (
					"$(inherited)",
					"@executable_path/Frameworks",
				);
				MARKETING_VERSION = 1.0;
				PRODUCT_BUNDLE_IDENTIFIER = mk812yPetApp.Scrumdinner;
				PRODUCT_NAME = "$(TARGET_NAME)";
				SWIFT_EMIT_LOC_STRINGS = YES;
				SWIFT_VERSION = 5.0;
				TARGETED_DEVICE_FAMILY = "1,2";
			};
			name = Release;
		};
/* End XCBuildConfiguration section */

/* Begin XCConfigurationList section */
		A5CAF35328B8DE510058538F /* Build configuration list for PBXProject "Scrumdinner" */ = {
			isa = XCConfigurationList;
			buildConfigurations = (
				A5CAF36428B8DE520058538F /* Debug */,
				A5CAF36528B8DE520058538F /* Release */,
			);
			defaultConfigurationIsVisible = 0;
			defaultConfigurationName = Release;
		};
		A5CAF36628B8DE520058538F /* Build configuration list for PBXNativeTarget "Scrumdinner" */ = {
			isa = XCConfigurationList;
			buildConfigurations = (
				A5CAF36728B8DE520058538F /* Debug */,
				A5CAF36828B8DE520058538F /* Release */,
			);
			defaultConfigurationIsVisible = 0;
			defaultConfigurationName = Release;
		};
/* End XCConfigurationList section */
	};
	rootObject = A5CAF35028B8DE510058538F /* Project object */;
}
